Microsoft Visual Studio Solution File, Format Version 12.00
# Visual Studio Version 17
VisualStudioVersion = 17.5.2.0
MinimumVisualStudioVersion = 10.0.40219.1
Project("{FAE04EC0-301F-11D3-BF4B-00C04F79EFBC}") = "TPdotnet", "TPdotnet.csproj", "{51B2473B-9F89-1838-4FD9-FFFE0C519699}"
EndProject
Global
	GlobalSection(SolutionConfigurationPlatforms) = preSolution
		Debug|Any CPU = Debug|Any CPU
		Release|Any CPU = Release|Any CPU
	EndGlobalSection
	GlobalSection(ProjectConfigurationPlatforms) = postSolution
		{51B2473B-9F89-1838-4FD9-FFFE0C519699}.Debug|Any CPU.ActiveCfg = Debug|Any CPU
		{51B2473B-9F89-1838-4FD9-FFFE0C519699}.Debug|Any CPU.Build.0 = Debug|Any CPU
		{51B2473B-9F89-1838-4FD9-FFFE0C519699}.Release|Any CPU.ActiveCfg = Release|Any CPU
		{51B2473B-9F89-1838-4FD9-FFFE0C519699}.Release|Any CPU.Build.0 = Release|Any CPU
	EndGlobalSection
	GlobalSection(SolutionProperties) = preSolution
		HideSolutionNode = FALSE
	EndGlobalSection
	GlobalSection(ExtensibilityGlobals) = postSolution
		SolutionGuid = {53CFA3F7-CB80-4959-BDDD-980DE8335D0A}
	EndGlobalSection
EndGlobal
